{
  "object": {
    "pins": [
      {
        "package": "auto-layout-sugar-ios",
        "repositoryURL": "https://github.com/Heads-and-Hands/auto-layout-sugar-ios",
        "state": {
          "branch": "develop",
          "revision": "1b57b50cf4e6b7715634df41a565b6d94637ca3d",
          "version": null
        }
      },
      {
        "package": "KeychainAccess",
        "repositoryURL": "https://github.com/kishikawakatsumi/KeychainAccess",
        "state": {
          "branch": "master",
          "revision": "e7f7e5af7d4f6eb8b755421b4419dc0aa8cb1bf5",
          "version": null
        }
      },
      {
        "package": "Kingfisher",
        "repositoryURL": "https://github.com/onevcat/Kingfisher",
        "state": {
          "branch": "master",
          "revision": "318e319998bf555c3e914d5c3adb6da05af86a32",
          "version": null
        }
      },
      {
        "package": "TTGSnackbar",
        "repositoryURL": "https://github.com/zekunyan/TTGSnackbar",
        "state": {
          "branch": "master",
          "revision": "a9a22eba7471d02abdd1f355baea98ec547de0ae",
          "version": null
        }
      }
    ]
  },
  "version": 1
}
